// !$*UTF8*$!
{
	archiveVersion = 1;
	classes = {
	};
	objectVersion = 46;
	objects = {

/* Begin PBXBuildFile section */
		502CEAA1156AAED400A87850 /* UIKit.framework in Frameworks */ = {isa = PBXBuildFile; fileRef = 502CEAA0156AAED400A87850 /* UIKit.framework */; };
		502CEAA3156AAED400A87850 /* Foundation.framework in Frameworks */ = {isa = PBXBuildFile; fileRef = 502CEAA2156AAED400A87850 /* Foundation.framework */; };
		502CEAA5156AAED400A87850 /* CoreGraphics.framework in Frameworks */ = {isa = PBXBuildFile; fileRef = 502CEAA4156AAED400A87850 /* CoreGraphics.framework */; };
		502CEAAB156AAED400A87850 /* InfoPlist.strings in Resources */ = {isa = PBXBuildFile; fileRef = 502CEAA9156AAED400A87850 /* InfoPlist.strings */; };
		502CEAAD156AAED400A87850 /* main.m in Sources */ = {isa = PBXBuildFile; fileRef = 502CEAAC156AAED400A87850 /* main.m */; };
		502CEAB1156AAED400A87850 /* CoreAppDelegate.m in Sources */ = {isa = PBXBuildFile; fileRef = 502CEAB0156AAED400A87850 /* CoreAppDelegate.m */; };
		502CEAB4156AAED400A87850 /* MainStoryboard.storyboard in Resources */ = {isa = PBXBuildFile; fileRef = 502CEAB2156AAED400A87850 /* MainStoryboard.storyboard */; };
		502CEAB7156AAED400A87850 /* CoreViewController.m in Sources */ = {isa = PBXBuildFile; fileRef = 502CEAB6156AAED400A87850 /* CoreViewController.m */; };
		502CEABF156AB37400A87850 /* SchoolStudentsTabelListViewController.m in Sources */ = {isa = PBXBuildFile; fileRef = 502CEABE156AB37400A87850 /* SchoolStudentsTabelListViewController.m */; };
		502CEAC2156AB58D00A87850 /* StudentDB.xcdatamodeld in Sources */ = {isa = PBXBuildFile; fileRef = 502CEAC0156AB58D00A87850 /* StudentDB.xcdatamodeld */; };
		502CEAD2156ABE0A00A87850 /* CoreData.framework in Frameworks */ = {isa = PBXBuildFile; fileRef = 502CEAD1156ABE0A00A87850 /* CoreData.framework */; };
		502CEAD9156B5C8700A87850 /* Student.m in Sources */ = {isa = PBXBuildFile; fileRef = 502CEAD8156B5C8700A87850 /* Student.m */; };
/* End PBXBuildFile section */

/* Begin PBXFileReference section */
		502CEA9C156AAED400A87850 /* CoreDataExample.app */ = {isa = PBXFileReference; explicitFileType = wrapper.application; includeInIndex = 0; path = CoreDataExample.app; sourceTree = BUILT_PRODUCTS_DIR; };
		502CEAA0156AAED400A87850 /* UIKit.framework */ = {isa = PBXFileReference; lastKnownFileType = wrapper.framework; name = UIKit.framework; path = System/Library/Frameworks/UIKit.framework; sourceTree = SDKROOT; };
		502CEAA2156AAED400A87850 /* Foundation.framework */ = {isa = PBXFileReference; lastKnownFileType = wrapper.framework; name = Foundation.framework; path = System/Library/Frameworks/Foundation.framework; sourceTree = SDKROOT; };
		502CEAA4156AAED400A87850 /* CoreGraphics.framework */ = {isa = PBXFileReference; lastKnownFileType = wrapper.framework; name = CoreGraphics.framework; path = System/Library/Frameworks/CoreGraphics.framework; sourceTree = SDKROOT; };
		502CEAA8156AAED400A87850 /* CoreDataExample-Info.plist */ = {isa = PBXFileReference; lastKnownFileType = text.plist.xml; path = "CoreDataExample-Info.plist"; sourceTree = "<group>"; };
		502CEAAA156AAED400A87850 /* en */ = {isa = PBXFileReference; lastKnownFileType = text.plist.strings; name = en; path = en.lproj/InfoPlist.strings; sourceTree = "<group>"; };
		502CEAAC156AAED400A87850 /* main.m */ = {isa = PBXFileReference; lastKnownFileType = sourcecode.c.objc; path = main.m; sourceTree = "<group>"; };
		502CEAAE156AAED400A87850 /* CoreDataExample-Prefix.pch */ = {isa = PBXFileReference; lastKnownFileType = sourcecode.c.h; path = "CoreDataExample-Prefix.pch"; sourceTree = "<group>"; };
		502CEAAF156AAED400A87850 /* CoreAppDelegate.h */ = {isa = PBXFileReference; lastKnownFileType = sourcecode.c.h; path = CoreAppDelegate.h; sourceTree = "<group>"; };
		502CEAB0156AAED400A87850 /* CoreAppDelegate.m */ = {isa = PBXFileReference; lastKnownFileType = sourcecode.c.objc; path = CoreAppDelegate.m; sourceTree = "<group>"; };
		502CEAB3156AAED400A87850 /* en */ = {isa = PBXFileReference; lastKnownFileType = file.storyboard; name = en; path = en.lproj/MainStoryboard.storyboard; sourceTree = "<group>"; };
		502CEAB5156AAED400A87850 /* CoreViewController.h */ = {isa = PBXFileReference; lastKnownFileType = sourcecode.c.h; path = CoreViewController.h; sourceTree = "<group>"; };
		502CEAB6156AAED400A87850 /* CoreViewController.m */ = {isa = PBXFileReference; lastKnownFileType = sourcecode.c.objc; path = CoreViewController.m; sourceTree = "<group>"; };
		502CEABD156AB37400A87850 /* SchoolStudentsTabelListViewController.h */ = {isa = PBXFileReference; fileEncoding = 4; lastKnownFileType = sourcecode.c.h; path = SchoolStudentsTabelListViewController.h; sourceTree = "<group>"; };
		502CEABE156AB37400A87850 /* SchoolStudentsTabelListViewController.m */ = {isa = PBXFileReference; fileEncoding = 4; lastKnownFileType = sourcecode.c.objc; path = SchoolStudentsTabelListViewController.m; sourceTree = "<group>"; };
		502CEAC1156AB58D00A87850 /* StudentDB.xcdatamodel */ = {isa = PBXFileReference; lastKnownFileType = wrapper.xcdatamodel; path = StudentDB.xcdatamodel; sourceTree = "<group>"; };
		502CEAD1156ABE0A00A87850 /* CoreData.framework */ = {isa = PBXFileReference; lastKnownFileType = wrapper.framework; name = CoreData.framework; path = System/Library/Frameworks/CoreData.framework; sourceTree = SDKROOT; };
		502CEAD7156B5C8700A87850 /* Student.h */ = {isa = PBXFileReference; fileEncoding = 4; lastKnownFileType = sourcecode.c.h; path = Student.h; sourceTree = "<group>"; };
		502CEAD8156B5C8700A87850 /* Student.m */ = {isa = PBXFileReference; fileEncoding = 4; lastKnownFileType = sourcecode.c.objc; path = Student.m; sourceTree = "<group>"; };
/* End PBXFileReference section */

/* Begin PBXFrameworksBuildPhase section */
		502CEA99156AAED400A87850 /* Frameworks */ = {
			isa = PBXFrameworksBuildPhase;
			buildActionMask = 2147483647;
			files = (
				502CEAD2156ABE0A00A87850 /* CoreData.framework in Frameworks */,
				502CEAA1156AAED400A87850 /* UIKit.framework in Frameworks */,
				502CEAA3156AAED400A87850 /* Foundation.framework in Frameworks */,
				502CEAA5156AAED400A87850 /* CoreGraphics.framework in Frameworks */,
			);
			runOnlyForDeploymentPostprocessing = 0;
		};
/* End PBXFrameworksBuildPhase section */

/* Begin PBXGroup section */
		502CEA91156AAED400A87850 = {
			isa = PBXGroup;
			children = (
				502CEAD1156ABE0A00A87850 /* CoreData.framework */,
				502CEAA6156AAED400A87850 /* CoreDataExample */,
				502CEA9F156AAED400A87850 /* Frameworks */,
				502CEA9D156AAED400A87850 /* Products */,
			);
			sourceTree = "<group>";
		};
		502CEA9D156AAED400A87850 /* Products */ = {
			isa = PBXGroup;
			children = (
				502CEA9C156AAED400A87850 /* CoreDataExample.app */,
			);
			name = Products;
			sourceTree = "<group>";
		};
		502CEA9F156AAED400A87850 /* Frameworks */ = {
			isa = PBXGroup;
			children = (
				502CEAA0156AAED400A87850 /* UIKit.framework */,
				502CEAA2156AAED400A87850 /* Foundation.framework */,
				502CEAA4156AAED400A87850 /* CoreGraphics.framework */,
			);
			name = Frameworks;
			sourceTree = "<group>";
		};
		502CEAA6156AAED400A87850 /* CoreDataExample */ = {
			isa = PBXGroup;
			children = (
				502CEAAF156AAED400A87850 /* CoreAppDelegate.h */,
				502CEAB0156AAED400A87850 /* CoreAppDelegate.m */,
				502CEAB2156AAED400A87850 /* MainStoryboard.storyboard */,
				502CEAB5156AAED400A87850 /* CoreViewController.h */,
				502CEAB6156AAED400A87850 /* CoreViewController.m */,
				502CEAA7156AAED400A87850 /* Supporting Files */,
				502CEABD156AB37400A87850 /* SchoolStudentsTabelListViewController.h */,
				502CEABE156AB37400A87850 /* SchoolStudentsTabelListViewController.m */,
			);
			path = CoreDataExample;
			sourceTree = "<group>";
		};
		502CEAA7156AAED400A87850 /* Supporting Files */ = {
			isa = PBXGroup;
			children = (
				502CEAA8156AAED400A87850 /* CoreDataExample-Info.plist */,
				502CEAA9156AAED400A87850 /* InfoPlist.strings */,
				502CEAAC156AAED400A87850 /* main.m */,
				502CEAAE156AAED400A87850 /* CoreDataExample-Prefix.pch */,
				502CEAD7156B5C8700A87850 /* Student.h */,
				502CEAD8156B5C8700A87850 /* Student.m */,
				502CEAC0156AB58D00A87850 /* StudentDB.xcdatamodeld */,
			);
			name = "Supporting Files";
			sourceTree = "<group>";
		};
/* End PBXGroup section */

/* Begin PBXNativeTarget section */
		502CEA9B156AAED400A87850 /* CoreDataExample */ = {
			isa = PBXNativeTarget;
			buildConfigurationList = 502CEABA156AAED400A87850 /* Build configuration list for PBXNativeTarget "CoreDataExample" */;
			buildPhases = (
				502CEA98156AAED400A87850 /* Sources */,
				502CEA99156AAED400A87850 /* Frameworks */,
				502CEA9A156AAED400A87850 /* Resources */,
			);
			buildRules = (
			);
			dependencies = (
			);
			name = CoreDataExample;
			productName = CoreDataExample;
			productReference = 502CEA9C156AAED400A87850 /* CoreDataExample.app */;
			productType = "com.apple.product-type.application";
		};
/* End PBXNativeTarget section */

/* Begin PBXProject section */
		502CEA93156AAED400A87850 /* Project object */ = {
			isa = PBXProject;
			attributes = {
				CLASSPREFIX = Core;
				LastUpgradeCheck = 0430;
			};
			buildConfigurationList = 502CEA96156AAED400A87850 /* Build configuration list for PBXProject "CoreDataExample" */;
			compatibilityVersion = "Xcode 3.2";
			developmentRegion = English;
			hasScannedForEncodings = 0;
			knownRegions = (
				en,
			);
			mainGroup = 502CEA91156AAED400A87850;
			productRefGroup = 502CEA9D156AAED400A87850 /* Products */;
			projectDirPath = "";
			projectRoot = "";
			targets = (
				502CEA9B156AAED400A87850 /* CoreDataExample */,
			);
		};
/* End PBXProject section */

/* Begin PBXResourcesBuildPhase section */
		502CEA9A156AAED400A87850 /* Resources */ = {
			isa = PBXResourcesBuildPhase;
			buildActionMask = 2147483647;
			files = (
				502CEAAB156AAED400A87850 /* InfoPlist.strings in Resources */,
				502CEAB4156AAED400A87850 /* MainStoryboard.storyboard in Resources */,
			);
			runOnlyForDeploymentPostprocessing = 0;
		};
/* End PBXResourcesBuildPhase section */

/* Begin PBXSourcesBuildPhase section */
		502CEA98156AAED400A87850 /* Sources */ = {
			isa = PBXSourcesBuildPhase;
			buildActionMask = 2147483647;
			files = (
				502CEAAD156AAED400A87850 /* main.m in Sources */,
				502CEAB1156AAED400A87850 /* CoreAppDelegate.m in Sources */,
				502CEAB7156AAED400A87850 /* CoreViewController.m in Sources */,
				502CEABF156AB37400A87850 /* SchoolStudentsTabelListViewController.m in Sources */,
				502CEAC2156AB58D00A87850 /* StudentDB.xcdatamodeld in Sources */,
				502CEAD9156B5C8700A87850 /* Student.m in Sources */,
			);
			runOnlyForDeploymentPostprocessing = 0;
		};
/* End PBXSourcesBuildPhase section */

/* Begin PBXVariantGroup section */
		502CEAA9156AAED400A87850 /* InfoPlist.strings */ = {
			isa = PBXVariantGroup;
			children = (
				502CEAAA156AAED400A87850 /* en */,
			);
			name = InfoPlist.strings;
			sourceTree = "<group>";
		};
		502CEAB2156AAED400A87850 /* MainStoryboard.storyboard */ = {
			isa = PBXVariantGroup;
			children = (
				502CEAB3156AAED400A87850 /* en */,
			);
			name = MainStoryboard.storyboard;
			sourceTree = "<group>";
		};
/* End PBXVariantGroup section */

/* Begin XCBuildConfiguration section */
		502CEAB8156AAED400A87850 /* Debug */ = {
			isa = XCBuildConfiguration;
			buildSettings = {
				ALWAYS_SEARCH_USER_PATHS = NO;
				ARCHS = "$(ARCHS_STANDARD_32_BIT)";
				"CODE_SIGN_IDENTITY[sdk=iphoneos*]" = "iPhone Developer";
				COPY_PHASE_STRIP = NO;
				GCC_C_LANGUAGE_STANDARD = gnu99;
				GCC_DYNAMIC_NO_PIC = NO;
				GCC_OPTIMIZATION_LEVEL = 0;
				GCC_PREPROCESSOR_DEFINITIONS = (
					"DEBUG=1",
					"$(inherited)",
				);
				GCC_SYMBOLS_PRIVATE_EXTERN = NO;
				GCC_VERSION = "";
				GCC_WARN_ABOUT_RETURN_TYPE = YES;
				GCC_WARN_UNINITIALIZED_AUTOS = YES;
				GCC_WARN_UNUSED_VARIABLE = YES;
				IPHONEOS_DEPLOYMENT_TARGET = 5.0;
				SDKROOT = iphoneos;
			};
			name = Debug;
		};
		502CEAB9156AAED400A87850 /* Release */ = {
			isa = XCBuildConfiguration;
			buildSettings = {
				ALWAYS_SEARCH_USER_PATHS = NO;
				ARCHS = "$(ARCHS_STANDARD_32_BIT)";
				"CODE_SIGN_IDENTITY[sdk=iphoneos*]" = "iPhone Developer";
				COPY_PHASE_STRIP = YES;
				GCC_C_LANGUAGE_STANDARD = gnu99;
				GCC_VERSION = "";
				GCC_WARN_ABOUT_RETURN_TYPE = YES;
				GCC_WARN_UNINITIALIZED_AUTOS = YES;
				GCC_WARN_UNUSED_VARIABLE = YES;
				IPHONEOS_DEPLOYMENT_TARGET = 5.0;
				OTHER_CFLAGS = "-DNS_BLOCK_ASSERTIONS=1";
				SDKROOT = iphoneos;
				VALIDATE_PRODUCT = YES;
			};
			name = Release;
		};
		502CEABB156AAED400A87850 /* Debug */ = {
			isa = XCBuildConfiguration;
			buildSettings = {
				GCC_PRECOMPILE_PREFIX_HEADER = YES;
				GCC_PREFIX_HEADER = "CoreDataExample/CoreDataExample-Prefix.pch";
				INFOPLIST_FILE = "CoreDataExample/CoreDataExample-Info.plist";
				PRODUCT_NAME = "$(TARGET_NAME)";
				WRAPPER_EXTENSION = app;
			};
			name = Debug;
		};
		502CEABC156AAED400A87850 /* Release */ = {
			isa = XCBuildConfiguration;
			buildSettings = {
				GCC_PRECOMPILE_PREFIX_HEADER = YES;
				GCC_PREFIX_HEADER = "CoreDataExample/CoreDataExample-Prefix.pch";
				INFOPLIST_FILE = "CoreDataExample/CoreDataExample-Info.plist";
				PRODUCT_NAME = "$(TARGET_NAME)";
				WRAPPER_EXTENSION = app;
			};
			name = Release;
		};
/* End XCBuildConfiguration section */

/* Begin XCConfigurationList section */
		502CEA96156AAED400A87850 /* Build configuration list for PBXProject "CoreDataExample" */ = {
			isa = XCConfigurationList;
			buildConfigurations = (
				502CEAB8156AAED400A87850 /* Debug */,
				502CEAB9156AAED400A87850 /* Release */,
			);
			defaultConfigurationIsVisible = 0;
			defaultConfigurationName = Release;
		};
		502CEABA156AAED400A87850 /* Build configuration list for PBXNativeTarget "CoreDataExample" */ = {
			isa = XCConfigurationList;
			buildConfigurations = (
				502CEABB156AAED400A87850 /* Debug */,
				502CEABC156AAED400A87850 /* Release */,
			);
			defaultConfigurationIsVisible = 0;
			defaultConfigurationName = Release;
		};
/* End XCConfigurationList section */

/* Begin XCVersionGroup section */
		502CEAC0156AB58D00A87850 /* StudentDB.xcdatamodeld */ = {
			isa = XCVersionGroup;
			children = (
				502CEAC1156AB58D00A87850 /* StudentDB.xcdatamodel */,
			);
			currentVersion = 502CEAC1156AB58D00A87850 /* StudentDB.xcdatamodel */;
			path = StudentDB.xcdatamodeld;
			sourceTree = "<group>";
			versionGroupType = wrapper.xcdatamodel;
		};
/* End XCVersionGroup section */
	};
	rootObject = 502CEA93156AAED400A87850 /* Project object */;
}
